
Microsoft Visual Studio Solution File, Format Version 12.00
# Visual Studio 14
VisualStudioVersion = 14.0.25420.1
MinimumVisualStudioVersion = 10.0.40219.1
Project("{FAE04EC0-301F-11D3-BF4B-00C04F79EFBC}") = "IMQ1.ADO.ORM", "IMQ1.ADO.ORM\IMQ1.ADO.ORM.csproj", "{A6409B23-8C9D-427A-86E2-FFE09804B183}"
EndProject
Project("{FAE04EC0-301F-11D3-BF4B-00C04F79EFBC}") = "IMQ1.ADO.UI", "IMQ1.ADO.UI\IMQ1.ADO.UI.csproj", "{5306A61A-C075-4E30-942E-26B321F0C590}"
EndProject
Global
	GlobalSection(SolutionConfigurationPlatforms) = preSolution
		Debug|Any CPU = Debug|Any CPU
		Release|Any CPU = Release|Any CPU
	EndGlobalSection
	GlobalSection(ProjectConfigurationPlatforms) = postSolution
		{A6409B23-8C9D-427A-86E2-FFE09804B183}.Debug|Any CPU.ActiveCfg = Debug|Any CPU
		{A6409B23-8C9D-427A-86E2-FFE09804B183}.Debug|Any CPU.Build.0 = Debug|Any CPU
		{A6409B23-8C9D-427A-86E2-FFE09804B183}.Release|Any CPU.ActiveCfg = Release|Any CPU
		{A6409B23-8C9D-427A-86E2-FFE09804B183}.Release|Any CPU.Build.0 = Release|Any CPU
		{5306A61A-C075-4E30-942E-26B321F0C590}.Debug|Any CPU.ActiveCfg = Debug|Any CPU
		{5306A61A-C075-4E30-942E-26B321F0C590}.Debug|Any CPU.Build.0 = Debug|Any CPU
		{5306A61A-C075-4E30-942E-26B321F0C590}.Release|Any CPU.ActiveCfg = Release|Any CPU
		{5306A61A-C075-4E30-942E-26B321F0C590}.Release|Any CPU.Build.0 = Release|Any CPU
	EndGlobalSection
	GlobalSection(SolutionProperties) = preSolution
		HideSolutionNode = FALSE
	EndGlobalSection
EndGlobal
